<?xml version="1.0" encoding="utf-8"?>
<Project ToolsVersion="4.0" xmlns="http://schemas.microsoft.com/developer/msbuild/2003">
  <ItemGroup>
    <ClInclude Include="token.h">
      <Filter>Header Files</Filter>
    </ClInclude>
    <ClInclude Include="star.h">
      <Filter>Header Files</Filter>
    </ClInclude>
    <ClInclude Include="simple_re.h">
      <Filter>Header Files</Filter>
    </ClInclude>
    <ClInclude Include="re.h">
      <Filter>Header Files</Filter>
    </ClInclude>
    <ClInclude Include="program.h">
      <Filter>Header Files</Filter>
    </ClInclude>
    <ClInclude Include="op.h">
      <Filter>Header Files</Filter>
    </ClInclude>
    <ClInclude Include="object.h">
      <Filter>Header Files</Filter>
    </ClInclude>
    <ClInclude Include="group.h">
      <Filter>Header Files</Filter>
    </ClInclude>
    <ClInclude Include="elementary_re.h">
      <Filter>Header Files</Filter>
    </ClInclude>
    <ClInclude Include="count.h">
      <Filter>Header Files</Filter>
    </ClInclude>
    <ClInclude Include="concatenation.h">
      <Filter>Header Files</Filter>
    </ClInclude>
    <ClInclude Include="character.h">
      <Filter>Header Files</Filter>
    </ClInclude>
    <ClInclude Include="basic_re.h">
      <Filter>Header Files</Filter>
    </ClInclude>
    <ClInclude Include="any.h">
      <Filter>Header Files</Filter>
    </ClInclude>
  </ItemGroup>
  <ItemGroup>
    <Filter Include="Source Files">
      <UniqueIdentifier>{9a1e67e4-5163-4c48-8897-a9a4f099862a}</UniqueIdentifier>
    </Filter>
    <Filter Include="Header Files">
      <UniqueIdentifier>{fc5ec412-4d7a-430b-9193-0b18a426064c}</UniqueIdentifier>
    </Filter>
  </ItemGroup>
  <ItemGroup>
    <ClCompile Include="main.cpp">
      <Filter>Source Files</Filter>
    </ClCompile>
  </ItemGroup>
</Project>