
Microsoft Visual Studio Solution File, Format Version 12.00
# Visual Studio Version 16
VisualStudioVersion = 16.0.29911.84
MinimumVisualStudioVersion = 10.0.40219.1
Project("{8BC9CEB8-8B4A-11D0-8D11-00A0C91BC942}") = "regex-parser", "regex-parser.vcxproj", "{700B66C9-0A2A-4A72-9887-BA9741B8380F}"
EndProject
Global
	GlobalSection(SolutionConfigurationPlatforms) = preSolution
		Debug|x64 = Debug|x64
		Debug|x86 = Debug|x86
		Release|x64 = Release|x64
		Release|x86 = Release|x86
	EndGlobalSection
	GlobalSection(ProjectConfigurationPlatforms) = postSolution
		{700B66C9-0A2A-4A72-9887-BA9741B8380F}.Debug|x64.ActiveCfg = Debug|x64
		{700B66C9-0A2A-4A72-9887-BA9741B8380F}.Debug|x64.Build.0 = Debug|x64
		{700B66C9-0A2A-4A72-9887-BA9741B8380F}.Debug|x86.ActiveCfg = Debug|Win32
		{700B66C9-0A2A-4A72-9887-BA9741B8380F}.Debug|x86.Build.0 = Debug|Win32
		{700B66C9-0A2A-4A72-9887-BA9741B8380F}.Release|x64.ActiveCfg = Release|x64
		{700B66C9-0A2A-4A72-9887-BA9741B8380F}.Release|x64.Build.0 = Release|x64
		{700B66C9-0A2A-4A72-9887-BA9741B8380F}.Release|x86.ActiveCfg = Release|Win32
		{700B66C9-0A2A-4A72-9887-BA9741B8380F}.Release|x86.Build.0 = Release|Win32
	EndGlobalSection
	GlobalSection(SolutionProperties) = preSolution
		HideSolutionNode = FALSE
	EndGlobalSection
	GlobalSection(ExtensibilityGlobals) = postSolution
		SolutionGuid = {7CC6960C-4C8C-4E4D-97E2-3A2F6AD52F7B}
	EndGlobalSection
EndGlobal
